// !$*UTF8*$!
{
	archiveVersion = 1;
	classes = {
	};
	objectVersion = 56;
	objects = {

/* Begin PBXBuildFile section */
		EB022E562B7ED822004E7819 /* ScrumdingerApp.swift in Sources */ = {isa = PBXBuildFile; fileRef = EB022E552B7ED822004E7819 /* ScrumdingerApp.swift */; };
		EB022E582B7ED822004E7819 /* MeetingView.swift in Sources */ = {isa = PBXBuildFile; fileRef = EB022E572B7ED822004E7819 /* MeetingView.swift */; };
		EB022E5E2B7ED823004E7819 /* Preview Assets.xcassets in Resources */ = {isa = PBXBuildFile; fileRef = EB022E5D2B7ED823004E7819 /* Preview Assets.xcassets */; };
		EB022E682B7ED824004E7819 /* ScrumdingerTests.swift in Sources */ = {isa = PBXBuildFile; fileRef = EB022E672B7ED824004E7819 /* ScrumdingerTests.swift */; };
		EB022E722B7ED824004E7819 /* ScrumdingerUITests.swift in Sources */ = {isa = PBXBuildFile; fileRef = EB022E712B7ED824004E7819 /* ScrumdingerUITests.swift */; };
		EB022E742B7ED824004E7819 /* ScrumdingerUITestsLaunchTests.swift in Sources */ = {isa = PBXBuildFile; fileRef = EB022E732B7ED824004E7819 /* ScrumdingerUITestsLaunchTests.swift */; };
		EB1AF59B2B813C22008A9D7C /* ScrumsView.swift in Sources */ = {isa = PBXBuildFile; fileRef = EB1AF59A2B813C22008A9D7C /* ScrumsView.swift */; };
		EB667C252B81721A00DF3BF1 /* DetailView.swift in Sources */ = {isa = PBXBuildFile; fileRef = EB667C242B81721A00DF3BF1 /* DetailView.swift */; };
		EB6F79452B8802A4002FCCE9 /* Assets.xcassets in Resources */ = {isa = PBXBuildFile; fileRef = EB6F79442B8802A4002FCCE9 /* Assets.xcassets */; };
		EB6F79472B880499002FCCE9 /* MeetingHeaderView.swift in Sources */ = {isa = PBXBuildFile; fileRef = EB6F79462B880499002FCCE9 /* MeetingHeaderView.swift */; };
		EB6F79492B8809F1002FCCE9 /* ScrumProgressViewStyle.swift in Sources */ = {isa = PBXBuildFile; fileRef = EB6F79482B8809F1002FCCE9 /* ScrumProgressViewStyle.swift */; };
		EB6F794B2B880A1D002FCCE9 /* ScrumTimer.swift in Sources */ = {isa = PBXBuildFile; fileRef = EB6F794A2B880A1D002FCCE9 /* ScrumTimer.swift */; };
		EB6F794D2B880B95002FCCE9 /* MeetingFooterView.swift in Sources */ = {isa = PBXBuildFile; fileRef = EB6F794C2B880B95002FCCE9 /* MeetingFooterView.swift */; };
		EB6F794F2B880E6E002FCCE9 /* AVPlayer+Ding.swift in Sources */ = {isa = PBXBuildFile; fileRef = EB6F794E2B880E6E002FCCE9 /* AVPlayer+Ding.swift */; };
		EB75948B2B829D62002847EC /* DetailEditView.swift in Sources */ = {isa = PBXBuildFile; fileRef = EB75948A2B829D62002847EC /* DetailEditView.swift */; };
		EB780CE92B8B713F00AA97C6 /* NewScrumSheet.swift in Sources */ = {isa = PBXBuildFile; fileRef = EB780CE82B8B713F00AA97C6 /* NewScrumSheet.swift */; };
		EB780CEB2B8B767C00AA97C6 /* History.swift in Sources */ = {isa = PBXBuildFile; fileRef = EB780CEA2B8B767C00AA97C6 /* History.swift */; };
		EB780CED2B8B7B8100AA97C6 /* ScrumStore.swift in Sources */ = {isa = PBXBuildFile; fileRef = EB780CEC2B8B7B8100AA97C6 /* ScrumStore.swift */; };
		EB780CEF2B8B83CA00AA97C6 /* ErrorWrapper.swift in Sources */ = {isa = PBXBuildFile; fileRef = EB780CEE2B8B83CA00AA97C6 /* ErrorWrapper.swift */; };
		EB780CF12B8B84F500AA97C6 /* ErrorView.swift in Sources */ = {isa = PBXBuildFile; fileRef = EB780CF02B8B84F500AA97C6 /* ErrorView.swift */; };
		EB897F672B85518000E07E41 /* ThemeView.swift in Sources */ = {isa = PBXBuildFile; fileRef = EB897F662B85518000E07E41 /* ThemeView.swift */; };
		EB897F692B8552D100E07E41 /* ThemePicker.swift in Sources */ = {isa = PBXBuildFile; fileRef = EB897F682B8552D100E07E41 /* ThemePicker.swift */; };
		EBD266D42B81273500F2C4DE /* TrailingIconLabelStyle.swift in Sources */ = {isa = PBXBuildFile; fileRef = EBD266D32B81273500F2C4DE /* TrailingIconLabelStyle.swift */; };
		EBE10A2F2B802795000DCB9F /* Theme.swift in Sources */ = {isa = PBXBuildFile; fileRef = EBE10A2E2B802795000DCB9F /* Theme.swift */; };
		EBE10A322B8029FF000DCB9F /* DailyScrum.swift in Sources */ = {isa = PBXBuildFile; fileRef = EBE10A312B8029FF000DCB9F /* DailyScrum.swift */; };
		EBE10A342B802CEF000DCB9F /* CardView.swift in Sources */ = {isa = PBXBuildFile; fileRef = EBE10A332B802CEF000DCB9F /* CardView.swift */; };
/* End PBXBuildFile section */

/* Begin PBXContainerItemProxy section */
		EB022E642B7ED824004E7819 /* PBXContainerItemProxy */ = {
			isa = PBXContainerItemProxy;
			containerPortal = EB022E4A2B7ED822004E7819 /* Project object */;
			proxyType = 1;
			remoteGlobalIDString = EB022E512B7ED822004E7819;
			remoteInfo = Scrumdinger;
		};
		EB022E6E2B7ED824004E7819 /* PBXContainerItemProxy */ = {
			isa = PBXContainerItemProxy;
			containerPortal = EB022E4A2B7ED822004E7819 /* Project object */;
			proxyType = 1;
			remoteGlobalIDString = EB022E512B7ED822004E7819;
			remoteInfo = Scrumdinger;
		};
/* End PBXContainerItemProxy section */

/* Begin PBXFileReference section */
		EB022E522B7ED822004E7819 /* Scrumdinger.app */ = {isa = PBXFileReference; explicitFileType = wrapper.application; includeInIndex = 0; path = Scrumdinger.app; sourceTree = BUILT_PRODUCTS_DIR; };
		EB022E552B7ED822004E7819 /* ScrumdingerApp.swift */ = {isa = PBXFileReference; lastKnownFileType = sourcecode.swift; path = ScrumdingerApp.swift; sourceTree = "<group>"; };
		EB022E572B7ED822004E7819 /* MeetingView.swift */ = {isa = PBXFileReference; lastKnownFileType = sourcecode.swift; path = MeetingView.swift; sourceTree = "<group>"; };
		EB022E5B2B7ED823004E7819 /* Scrumdinger.entitlements */ = {isa = PBXFileReference; lastKnownFileType = text.plist.entitlements; path = Scrumdinger.entitlements; sourceTree = "<group>"; };
		EB022E5D2B7ED823004E7819 /* Preview Assets.xcassets */ = {isa = PBXFileReference; lastKnownFileType = folder.assetcatalog; path = "Preview Assets.xcassets"; sourceTree = "<group>"; };
		EB022E632B7ED824004E7819 /* ScrumdingerTests.xctest */ = {isa = PBXFileReference; explicitFileType = wrapper.cfbundle; includeInIndex = 0; path = ScrumdingerTests.xctest; sourceTree = BUILT_PRODUCTS_DIR; };
		EB022E672B7ED824004E7819 /* ScrumdingerTests.swift */ = {isa = PBXFileReference; lastKnownFileType = sourcecode.swift; path = ScrumdingerTests.swift; sourceTree = "<group>"; };
		EB022E6D2B7ED824004E7819 /* ScrumdingerUITests.xctest */ = {isa = PBXFileReference; explicitFileType = wrapper.cfbundle; includeInIndex = 0; path = ScrumdingerUITests.xctest; sourceTree = BUILT_PRODUCTS_DIR; };
		EB022E712B7ED824004E7819 /* ScrumdingerUITests.swift */ = {isa = PBXFileReference; lastKnownFileType = sourcecode.swift; path = ScrumdingerUITests.swift; sourceTree = "<group>"; };
		EB022E732B7ED824004E7819 /* ScrumdingerUITestsLaunchTests.swift */ = {isa = PBXFileReference; lastKnownFileType = sourcecode.swift; path = ScrumdingerUITestsLaunchTests.swift; sourceTree = "<group>"; };
		EB1AF59A2B813C22008A9D7C /* ScrumsView.swift */ = {isa = PBXFileReference; lastKnownFileType = sourcecode.swift; path = ScrumsView.swift; sourceTree = "<group>"; };
		EB667C242B81721A00DF3BF1 /* DetailView.swift */ = {isa = PBXFileReference; lastKnownFileType = sourcecode.swift; path = DetailView.swift; sourceTree = "<group>"; };
		EB6F79442B8802A4002FCCE9 /* Assets.xcassets */ = {isa = PBXFileReference; lastKnownFileType = folder.assetcatalog; path = Assets.xcassets; sourceTree = "<group>"; };
		EB6F79462B880499002FCCE9 /* MeetingHeaderView.swift */ = {isa = PBXFileReference; lastKnownFileType = sourcecode.swift; path = MeetingHeaderView.swift; sourceTree = "<group>"; };
		EB6F79482B8809F1002FCCE9 /* ScrumProgressViewStyle.swift */ = {isa = PBXFileReference; lastKnownFileType = sourcecode.swift; path = ScrumProgressViewStyle.swift; sourceTree = "<group>"; };
		EB6F794A2B880A1D002FCCE9 /* ScrumTimer.swift */ = {isa = PBXFileReference; lastKnownFileType = sourcecode.swift; path = ScrumTimer.swift; sourceTree = "<group>"; };
		EB6F794C2B880B95002FCCE9 /* MeetingFooterView.swift */ = {isa = PBXFileReference; lastKnownFileType = sourcecode.swift; path = MeetingFooterView.swift; sourceTree = "<group>"; };
		EB6F794E2B880E6E002FCCE9 /* AVPlayer+Ding.swift */ = {isa = PBXFileReference; lastKnownFileType = sourcecode.swift; path = "AVPlayer+Ding.swift"; sourceTree = "<group>"; };
		EB75948A2B829D62002847EC /* DetailEditView.swift */ = {isa = PBXFileReference; lastKnownFileType = sourcecode.swift; path = DetailEditView.swift; sourceTree = "<group>"; };
		EB780CE82B8B713F00AA97C6 /* NewScrumSheet.swift */ = {isa = PBXFileReference; lastKnownFileType = sourcecode.swift; path = NewScrumSheet.swift; sourceTree = "<group>"; };
		EB780CEA2B8B767C00AA97C6 /* History.swift */ = {isa = PBXFileReference; lastKnownFileType = sourcecode.swift; path = History.swift; sourceTree = "<group>"; };
		EB780CEC2B8B7B8100AA97C6 /* ScrumStore.swift */ = {isa = PBXFileReference; lastKnownFileType = sourcecode.swift; path = ScrumStore.swift; sourceTree = "<group>"; };
		EB780CEE2B8B83CA00AA97C6 /* ErrorWrapper.swift */ = {isa = PBXFileReference; lastKnownFileType = sourcecode.swift; path = ErrorWrapper.swift; sourceTree = "<group>"; };
		EB780CF02B8B84F500AA97C6 /* ErrorView.swift */ = {isa = PBXFileReference; lastKnownFileType = sourcecode.swift; path = ErrorView.swift; sourceTree = "<group>"; };
		EB897F662B85518000E07E41 /* ThemeView.swift */ = {isa = PBXFileReference; lastKnownFileType = sourcecode.swift; path = ThemeView.swift; sourceTree = "<group>"; };
		EB897F682B8552D100E07E41 /* ThemePicker.swift */ = {isa = PBXFileReference; lastKnownFileType = sourcecode.swift; path = ThemePicker.swift; sourceTree = "<group>"; };
		EBD266D32B81273500F2C4DE /* TrailingIconLabelStyle.swift */ = {isa = PBXFileReference; lastKnownFileType = sourcecode.swift; path = TrailingIconLabelStyle.swift; sourceTree = "<group>"; };
		EBE10A2E2B802795000DCB9F /* Theme.swift */ = {isa = PBXFileReference; lastKnownFileType = sourcecode.swift; path = Theme.swift; sourceTree = "<group>"; };
		EBE10A312B8029FF000DCB9F /* DailyScrum.swift */ = {isa = PBXFileReference; lastKnownFileType = sourcecode.swift; path = DailyScrum.swift; sourceTree = "<group>"; };
		EBE10A332B802CEF000DCB9F /* CardView.swift */ = {isa = PBXFileReference; lastKnownFileType = sourcecode.swift; path = CardView.swift; sourceTree = "<group>"; };
/* End PBXFileReference section */

/* Begin PBXFrameworksBuildPhase section */
		EB022E4F2B7ED822004E7819 /* Frameworks */ = {
			isa = PBXFrameworksBuildPhase;
			buildActionMask = 2147483647;
			files = (
			);
			runOnlyForDeploymentPostprocessing = 0;
		};
		EB022E602B7ED824004E7819 /* Frameworks */ = {
			isa = PBXFrameworksBuildPhase;
			buildActionMask = 2147483647;
			files = (
			);
			runOnlyForDeploymentPostprocessing = 0;
		};
		EB022E6A2B7ED824004E7819 /* Frameworks */ = {
			isa = PBXFrameworksBuildPhase;
			buildActionMask = 2147483647;
			files = (
			);
			runOnlyForDeploymentPostprocessing = 0;
		};
/* End PBXFrameworksBuildPhase section */

/* Begin PBXGroup section */
		EB022E492B7ED822004E7819 = {
			isa = PBXGroup;
			children = (
				EB022E542B7ED822004E7819 /* Scrumdinger */,
				EB022E662B7ED824004E7819 /* ScrumdingerTests */,
				EB022E702B7ED824004E7819 /* ScrumdingerUITests */,
				EB022E532B7ED822004E7819 /* Products */,
			);
			sourceTree = "<group>";
		};
		EB022E532B7ED822004E7819 /* Products */ = {
			isa = PBXGroup;
			children = (
				EB022E522B7ED822004E7819 /* Scrumdinger.app */,
				EB022E632B7ED824004E7819 /* ScrumdingerTests.xctest */,
				EB022E6D2B7ED824004E7819 /* ScrumdingerUITests.xctest */,
			);
			name = Products;
			sourceTree = "<group>";
		};
		EB022E542B7ED822004E7819 /* Scrumdinger */ = {
			isa = PBXGroup;
			children = (
				EB022E552B7ED822004E7819 /* ScrumdingerApp.swift */,
				EBD266D02B811DDF00F2C4DE /* Views */,
				EBE10A2D2B802779000DCB9F /* Models */,
				EB022E5B2B7ED823004E7819 /* Scrumdinger.entitlements */,
				EB6F79442B8802A4002FCCE9 /* Assets.xcassets */,
				EB022E5C2B7ED823004E7819 /* Preview Content */,
			);
			path = Scrumdinger;
			sourceTree = "<group>";
		};
		EB022E5C2B7ED823004E7819 /* Preview Content */ = {
			isa = PBXGroup;
			children = (
				EB022E5D2B7ED823004E7819 /* Preview Assets.xcassets */,
			);
			path = "Preview Content";
			sourceTree = "<group>";
		};
		EB022E662B7ED824004E7819 /* ScrumdingerTests */ = {
			isa = PBXGroup;
			children = (
				EB022E672B7ED824004E7819 /* ScrumdingerTests.swift */,
			);
			path = ScrumdingerTests;
			sourceTree = "<group>";
		};
		EB022E702B7ED824004E7819 /* ScrumdingerUITests */ = {
			isa = PBXGroup;
			children = (
				EB022E712B7ED824004E7819 /* ScrumdingerUITests.swift */,
				EB022E732B7ED824004E7819 /* ScrumdingerUITestsLaunchTests.swift */,
			);
			path = ScrumdingerUITests;
			sourceTree = "<group>";
		};
		EBD266D02B811DDF00F2C4DE /* Views */ = {
			isa = PBXGroup;
			children = (
				EB022E572B7ED822004E7819 /* MeetingView.swift */,
				EBE10A332B802CEF000DCB9F /* CardView.swift */,
				EBD266D32B81273500F2C4DE /* TrailingIconLabelStyle.swift */,
				EB1AF59A2B813C22008A9D7C /* ScrumsView.swift */,
				EB667C242B81721A00DF3BF1 /* DetailView.swift */,
				EB75948A2B829D62002847EC /* DetailEditView.swift */,
				EB897F662B85518000E07E41 /* ThemeView.swift */,
				EB897F682B8552D100E07E41 /* ThemePicker.swift */,
				EB6F79462B880499002FCCE9 /* MeetingHeaderView.swift */,
				EB6F79482B8809F1002FCCE9 /* ScrumProgressViewStyle.swift */,
				EB6F794C2B880B95002FCCE9 /* MeetingFooterView.swift */,
				EB780CE82B8B713F00AA97C6 /* NewScrumSheet.swift */,
				EB780CF02B8B84F500AA97C6 /* ErrorView.swift */,
			);
			path = Views;
			sourceTree = "<group>";
		};
		EBE10A2D2B802779000DCB9F /* Models */ = {
			isa = PBXGroup;
			children = (
				EBE10A2E2B802795000DCB9F /* Theme.swift */,
				EBE10A312B8029FF000DCB9F /* DailyScrum.swift */,
				EB6F794A2B880A1D002FCCE9 /* ScrumTimer.swift */,
				EB6F794E2B880E6E002FCCE9 /* AVPlayer+Ding.swift */,
				EB780CEA2B8B767C00AA97C6 /* History.swift */,
				EB780CEC2B8B7B8100AA97C6 /* ScrumStore.swift */,
				EB780CEE2B8B83CA00AA97C6 /* ErrorWrapper.swift */,
			);
			path = Models;
			sourceTree = "<group>";
		};
/* End PBXGroup section */

/* Begin PBXNativeTarget section */
		EB022E512B7ED822004E7819 /* Scrumdinger */ = {
			isa = PBXNativeTarget;
			buildConfigurationList = EB022E772B7ED824004E7819 /* Build configuration list for PBXNativeTarget "Scrumdinger" */;
			buildPhases = (
				EB022E4E2B7ED822004E7819 /* Sources */,
				EB022E4F2B7ED822004E7819 /* Frameworks */,
				EB022E502B7ED822004E7819 /* Resources */,
			);
			buildRules = (
			);
			dependencies = (
			);
			name = Scrumdinger;
			productName = Scrumdinger;
			productReference = EB022E522B7ED822004E7819 /* Scrumdinger.app */;
			productType = "com.apple.product-type.application";
		};
		EB022E622B7ED824004E7819 /* ScrumdingerTests */ = {
			isa = PBXNativeTarget;
			buildConfigurationList = EB022E7A2B7ED824004E7819 /* Build configuration list for PBXNativeTarget "ScrumdingerTests" */;
			buildPhases = (
				EB022E5F2B7ED824004E7819 /* Sources */,
				EB022E602B7ED824004E7819 /* Frameworks */,
				EB022E612B7ED824004E7819 /* Resources */,
			);
			buildRules = (
			);
			dependencies = (
				EB022E652B7ED824004E7819 /* PBXTargetDependency */,
			);
			name = ScrumdingerTests;
			productName = ScrumdingerTests;
			productReference = EB022E632B7ED824004E7819 /* ScrumdingerTests.xctest */;
			productType = "com.apple.product-type.bundle.unit-test";
		};
		EB022E6C2B7ED824004E7819 /* ScrumdingerUITests */ = {
			isa = PBXNativeTarget;
			buildConfigurationList = EB022E7D2B7ED824004E7819 /* Build configuration list for PBXNativeTarget "ScrumdingerUITests" */;
			buildPhases = (
				EB022E692B7ED824004E7819 /* Sources */,
				EB022E6A2B7ED824004E7819 /* Frameworks */,
				EB022E6B2B7ED824004E7819 /* Resources */,
			);
			buildRules = (
			);
			dependencies = (
				EB022E6F2B7ED824004E7819 /* PBXTargetDependency */,
			);
			name = ScrumdingerUITests;
			productName = ScrumdingerUITests;
			productReference = EB022E6D2B7ED824004E7819 /* ScrumdingerUITests.xctest */;
			productType = "com.apple.product-type.bundle.ui-testing";
		};
/* End PBXNativeTarget section */

/* Begin PBXProject section */
		EB022E4A2B7ED822004E7819 /* Project object */ = {
			isa = PBXProject;
			attributes = {
				BuildIndependentTargetsInParallel = 1;
				LastSwiftUpdateCheck = 1520;
				LastUpgradeCheck = 1520;
				TargetAttributes = {
					EB022E512B7ED822004E7819 = {
						CreatedOnToolsVersion = 15.2;
					};
					EB022E622B7ED824004E7819 = {
						CreatedOnToolsVersion = 15.2;
						TestTargetID = EB022E512B7ED822004E7819;
					};
					EB022E6C2B7ED824004E7819 = {
						CreatedOnToolsVersion = 15.2;
						TestTargetID = EB022E512B7ED822004E7819;
					};
				};
			};
			buildConfigurationList = EB022E4D2B7ED822004E7819 /* Build configuration list for PBXProject "Scrumdinger" */;
			compatibilityVersion = "Xcode 14.0";
			developmentRegion = en;
			hasScannedForEncodings = 0;
			knownRegions = (
				en,
				Base,
			);
			mainGroup = EB022E492B7ED822004E7819;
			productRefGroup = EB022E532B7ED822004E7819 /* Products */;
			projectDirPath = "";
			projectRoot = "";
			targets = (
				EB022E512B7ED822004E7819 /* Scrumdinger */,
				EB022E622B7ED824004E7819 /* ScrumdingerTests */,
				EB022E6C2B7ED824004E7819 /* ScrumdingerUITests */,
			);
		};
/* End PBXProject section */

/* Begin PBXResourcesBuildPhase section */
		EB022E502B7ED822004E7819 /* Resources */ = {
			isa = PBXResourcesBuildPhase;
			buildActionMask = 2147483647;
			files = (
				EB6F79452B8802A4002FCCE9 /* Assets.xcassets in Resources */,
				EB022E5E2B7ED823004E7819 /* Preview Assets.xcassets in Resources */,
			);
			runOnlyForDeploymentPostprocessing = 0;
		};
		EB022E612B7ED824004E7819 /* Resources */ = {
			isa = PBXResourcesBuildPhase;
			buildActionMask = 2147483647;
			files = (
			);
			runOnlyForDeploymentPostprocessing = 0;
		};
		EB022E6B2B7ED824004E7819 /* Resources */ = {
			isa = PBXResourcesBuildPhase;
			buildActionMask = 2147483647;
			files = (
			);
			runOnlyForDeploymentPostprocessing = 0;
		};
/* End PBXResourcesBuildPhase section */

/* Begin PBXSourcesBuildPhase section */
		EB022E4E2B7ED822004E7819 /* Sources */ = {
			isa = PBXSourcesBuildPhase;
			buildActionMask = 2147483647;
			files = (
				EB780CEB2B8B767C00AA97C6 /* History.swift in Sources */,
				EB897F692B8552D100E07E41 /* ThemePicker.swift in Sources */,
				EB6F79492B8809F1002FCCE9 /* ScrumProgressViewStyle.swift in Sources */,
				EB6F794D2B880B95002FCCE9 /* MeetingFooterView.swift in Sources */,
				EB780CF12B8B84F500AA97C6 /* ErrorView.swift in Sources */,
				EB6F794B2B880A1D002FCCE9 /* ScrumTimer.swift in Sources */,
				EBE10A322B8029FF000DCB9F /* DailyScrum.swift in Sources */,
				EB780CED2B8B7B8100AA97C6 /* ScrumStore.swift in Sources */,
				EB667C252B81721A00DF3BF1 /* DetailView.swift in Sources */,
				EB780CEF2B8B83CA00AA97C6 /* ErrorWrapper.swift in Sources */,
				EB6F79472B880499002FCCE9 /* MeetingHeaderView.swift in Sources */,
				EB75948B2B829D62002847EC /* DetailEditView.swift in Sources */,
				EB780CE92B8B713F00AA97C6 /* NewScrumSheet.swift in Sources */,
				EBD266D42B81273500F2C4DE /* TrailingIconLabelStyle.swift in Sources */,
				EBE10A2F2B802795000DCB9F /* Theme.swift in Sources */,
				EB1AF59B2B813C22008A9D7C /* ScrumsView.swift in Sources */,
				EB022E582B7ED822004E7819 /* MeetingView.swift in Sources */,
				EB022E562B7ED822004E7819 /* ScrumdingerApp.swift in Sources */,
				EB897F672B85518000E07E41 /* ThemeView.swift in Sources */,
				EBE10A342B802CEF000DCB9F /* CardView.swift in Sources */,
				EB6F794F2B880E6E002FCCE9 /* AVPlayer+Ding.swift in Sources */,
			);
			runOnlyForDeploymentPostprocessing = 0;
		};
		EB022E5F2B7ED824004E7819 /* Sources */ = {
			isa = PBXSourcesBuildPhase;
			buildActionMask = 2147483647;
			files = (
				EB022E682B7ED824004E7819 /* ScrumdingerTests.swift in Sources */,
			);
			runOnlyForDeploymentPostprocessing = 0;
		};
		EB022E692B7ED824004E7819 /* Sources */ = {
			isa = PBXSourcesBuildPhase;
			buildActionMask = 2147483647;
			files = (
				EB022E742B7ED824004E7819 /* ScrumdingerUITestsLaunchTests.swift in Sources */,
				EB022E722B7ED824004E7819 /* ScrumdingerUITests.swift in Sources */,
			);
			runOnlyForDeploymentPostprocessing = 0;
		};
/* End PBXSourcesBuildPhase section */

/* Begin PBXTargetDependency section */
		EB022E652B7ED824004E7819 /* PBXTargetDependency */ = {
			isa = PBXTargetDependency;
			target = EB022E512B7ED822004E7819 /* Scrumdinger */;
			targetProxy = EB022E642B7ED824004E7819 /* PBXContainerItemProxy */;
		};
		EB022E6F2B7ED824004E7819 /* PBXTargetDependency */ = {
			isa = PBXTargetDependency;
			target = EB022E512B7ED822004E7819 /* Scrumdinger */;
			targetProxy = EB022E6E2B7ED824004E7819 /* PBXContainerItemProxy */;
		};
/* End PBXTargetDependency section */

/* Begin XCBuildConfiguration section */
		EB022E752B7ED824004E7819 /* Debug */ = {
			isa = XCBuildConfiguration;
			buildSettings = {
				ALWAYS_SEARCH_USER_PATHS = NO;
				ASSETCATALOG_COMPILER_GENERATE_SWIFT_ASSET_SYMBOL_EXTENSIONS = YES;
				CLANG_ANALYZER_NONNULL = YES;
				CLANG_ANALYZER_NUMBER_OBJECT_CONVERSION = YES_AGGRESSIVE;
				CLANG_CXX_LANGUAGE_STANDARD = "gnu++20";
				CLANG_ENABLE_MODULES = YES;
				CLANG_ENABLE_OBJC_ARC = YES;
				CLANG_ENABLE_OBJC_WEAK = YES;
				CLANG_WARN_BLOCK_CAPTURE_AUTORELEASING = YES;
				CLANG_WARN_BOOL_CONVERSION = YES;
				CLANG_WARN_COMMA = YES;
				CLANG_WARN_CONSTANT_CONVERSION = YES;
				CLANG_WARN_DEPRECATED_OBJC_IMPLEMENTATIONS = YES;
				CLANG_WARN_DIRECT_OBJC_ISA_USAGE = YES_ERROR;
				CLANG_WARN_DOCUMENTATION_COMMENTS = YES;
				CLANG_WARN_EMPTY_BODY = YES;
				CLANG_WARN_ENUM_CONVERSION = YES;
				CLANG_WARN_INFINITE_RECURSION = YES;
				CLANG_WARN_INT_CONVERSION = YES;
				CLANG_WARN_NON_LITERAL_NULL_CONVERSION = YES;
				CLANG_WARN_OBJC_IMPLICIT_RETAIN_SELF = YES;
				CLANG_WARN_OBJC_LITERAL_CONVERSION = YES;
				CLANG_WARN_OBJC_ROOT_CLASS = YES_ERROR;
				CLANG_WARN_QUOTED_INCLUDE_IN_FRAMEWORK_HEADER = YES;
				CLANG_WARN_RANGE_LOOP_ANALYSIS = YES;
				CLANG_WARN_STRICT_PROTOTYPES = YES;
				CLANG_WARN_SUSPICIOUS_MOVE = YES;
				CLANG_WARN_UNGUARDED_AVAILABILITY = YES_AGGRESSIVE;
				CLANG_WARN_UNREACHABLE_CODE = YES;
				CLANG_WARN__DUPLICATE_METHOD_MATCH = YES;
				COPY_PHASE_STRIP = NO;
				DEBUG_INFORMATION_FORMAT = dwarf;
				ENABLE_STRICT_OBJC_MSGSEND = YES;
				ENABLE_TESTABILITY = YES;
				ENABLE_USER_SCRIPT_SANDBOXING = YES;
				GCC_C_LANGUAGE_STANDARD = gnu17;
				GCC_DYNAMIC_NO_PIC = NO;
				GCC_NO_COMMON_BLOCKS = YES;
				GCC_OPTIMIZATION_LEVEL = 0;
				GCC_PREPROCESSOR_DEFINITIONS = (
					"DEBUG=1",
					"$(inherited)",
				);
				GCC_WARN_64_TO_32_BIT_CONVERSION = YES;
				GCC_WARN_ABOUT_RETURN_TYPE = YES_ERROR;
				GCC_WARN_UNDECLARED_SELECTOR = YES;
				GCC_WARN_UNINITIALIZED_AUTOS = YES_AGGRESSIVE;
				GCC_WARN_UNUSED_FUNCTION = YES;
				GCC_WARN_UNUSED_VARIABLE = YES;
				LOCALIZATION_PREFERS_STRING_CATALOGS = YES;
				MTL_ENABLE_DEBUG_INFO = INCLUDE_SOURCE;
				MTL_FAST_MATH = YES;
				ONLY_ACTIVE_ARCH = YES;
				SWIFT_ACTIVE_COMPILATION_CONDITIONS = "DEBUG $(inherited)";
				SWIFT_OPTIMIZATION_LEVEL = "-Onone";
			};
			name = Debug;
		};
		EB022E762B7ED824004E7819 /* Release */ = {
			isa = XCBuildConfiguration;
			buildSettings = {
				ALWAYS_SEARCH_USER_PATHS = NO;
				ASSETCATALOG_COMPILER_GENERATE_SWIFT_ASSET_SYMBOL_EXTENSIONS = YES;
				CLANG_ANALYZER_NONNULL = YES;
				CLANG_ANALYZER_NUMBER_OBJECT_CONVERSION = YES_AGGRESSIVE;
				CLANG_CXX_LANGUAGE_STANDARD = "gnu++20";
				CLANG_ENABLE_MODULES = YES;
				CLANG_ENABLE_OBJC_ARC = YES;
				CLANG_ENABLE_OBJC_WEAK = YES;
				CLANG_WARN_BLOCK_CAPTURE_AUTORELEASING = YES;
				CLANG_WARN_BOOL_CONVERSION = YES;
				CLANG_WARN_COMMA = YES;
				CLANG_WARN_CONSTANT_CONVERSION = YES;
				CLANG_WARN_DEPRECATED_OBJC_IMPLEMENTATIONS = YES;
				CLANG_WARN_DIRECT_OBJC_ISA_USAGE = YES_ERROR;
				CLANG_WARN_DOCUMENTATION_COMMENTS = YES;
				CLANG_WARN_EMPTY_BODY = YES;
				CLANG_WARN_ENUM_CONVERSION = YES;
				CLANG_WARN_INFINITE_RECURSION = YES;
				CLANG_WARN_INT_CONVERSION = YES;
				CLANG_WARN_NON_LITERAL_NULL_CONVERSION = YES;
				CLANG_WARN_OBJC_IMPLICIT_RETAIN_SELF = YES;
				CLANG_WARN_OBJC_LITERAL_CONVERSION = YES;
				CLANG_WARN_OBJC_ROOT_CLASS = YES_ERROR;
				CLANG_WARN_QUOTED_INCLUDE_IN_FRAMEWORK_HEADER = YES;
				CLANG_WARN_RANGE_LOOP_ANALYSIS = YES;
				CLANG_WARN_STRICT_PROTOTYPES = YES;
				CLANG_WARN_SUSPICIOUS_MOVE = YES;
				CLANG_WARN_UNGUARDED_AVAILABILITY = YES_AGGRESSIVE;
				CLANG_WARN_UNREACHABLE_CODE = YES;
				CLANG_WARN__DUPLICATE_METHOD_MATCH = YES;
				COPY_PHASE_STRIP = NO;
				DEBUG_INFORMATION_FORMAT = "dwarf-with-dsym";
				ENABLE_NS_ASSERTIONS = NO;
				ENABLE_STRICT_OBJC_MSGSEND = YES;
				ENABLE_USER_SCRIPT_SANDBOXING = YES;
				GCC_C_LANGUAGE_STANDARD = gnu17;
				GCC_NO_COMMON_BLOCKS = YES;
				GCC_WARN_64_TO_32_BIT_CONVERSION = YES;
				GCC_WARN_ABOUT_RETURN_TYPE = YES_ERROR;
				GCC_WARN_UNDECLARED_SELECTOR = YES;
				GCC_WARN_UNINITIALIZED_AUTOS = YES_AGGRESSIVE;
				GCC_WARN_UNUSED_FUNCTION = YES;
				GCC_WARN_UNUSED_VARIABLE = YES;
				LOCALIZATION_PREFERS_STRING_CATALOGS = YES;
				MTL_ENABLE_DEBUG_INFO = NO;
				MTL_FAST_MATH = YES;
				SWIFT_COMPILATION_MODE = wholemodule;
			};
			name = Release;
		};
		EB022E782B7ED824004E7819 /* Debug */ = {
			isa = XCBuildConfiguration;
			buildSettings = {
				ASSETCATALOG_COMPILER_APPICON_NAME = AppIcon;
				ASSETCATALOG_COMPILER_GLOBAL_ACCENT_COLOR_NAME = AccentColor;
				CODE_SIGN_ENTITLEMENTS = Scrumdinger/Scrumdinger.entitlements;
				CODE_SIGN_STYLE = Automatic;
				CURRENT_PROJECT_VERSION = 1;
				DEVELOPMENT_ASSET_PATHS = "\"Scrumdinger/Preview Content\"";
				ENABLE_PREVIEWS = YES;
				GENERATE_INFOPLIST_FILE = YES;
				"INFOPLIST_KEY_UIApplicationSceneManifest_Generation[sdk=iphoneos*]" = YES;
				"INFOPLIST_KEY_UIApplicationSceneManifest_Generation[sdk=iphonesimulator*]" = YES;
				"INFOPLIST_KEY_UIApplicationSupportsIndirectInputEvents[sdk=iphoneos*]" = YES;
				"INFOPLIST_KEY_UIApplicationSupportsIndirectInputEvents[sdk=iphonesimulator*]" = YES;
				"INFOPLIST_KEY_UILaunchScreen_Generation[sdk=iphoneos*]" = YES;
				"INFOPLIST_KEY_UILaunchScreen_Generation[sdk=iphonesimulator*]" = YES;
				"INFOPLIST_KEY_UIStatusBarStyle[sdk=iphoneos*]" = UIStatusBarStyleDefault;
				"INFOPLIST_KEY_UIStatusBarStyle[sdk=iphonesimulator*]" = UIStatusBarStyleDefault;
				INFOPLIST_KEY_UISupportedInterfaceOrientations_iPad = "UIInterfaceOrientationPortrait UIInterfaceOrientationPortraitUpsideDown UIInterfaceOrientationLandscapeLeft UIInterfaceOrientationLandscapeRight";
				INFOPLIST_KEY_UISupportedInterfaceOrientations_iPhone = "UIInterfaceOrientationPortrait UIInterfaceOrientationLandscapeLeft UIInterfaceOrientationLandscapeRight";
				IPHONEOS_DEPLOYMENT_TARGET = 17.2;
				LD_RUNPATH_SEARCH_PATHS = "@executable_path/Frameworks";
				"LD_RUNPATH_SEARCH_PATHS[sdk=macosx*]" = "@executable_path/../Frameworks";
				MACOSX_DEPLOYMENT_TARGET = 14.2;
				MARKETING_VERSION = 1.0;
				PRODUCT_BUNDLE_IDENTIFIER = com.mycompany.Scrumdinger;
				PRODUCT_NAME = "$(TARGET_NAME)";
				SDKROOT = auto;
				SUPPORTED_PLATFORMS = "iphoneos iphonesimulator macosx";
				SWIFT_EMIT_LOC_STRINGS = YES;
				SWIFT_VERSION = 5.0;
				TARGETED_DEVICE_FAMILY = "1,2";
			};
			name = Debug;
		};
		EB022E792B7ED824004E7819 /* Release */ = {
			isa = XCBuildConfiguration;
			buildSettings = {
				ASSETCATALOG_COMPILER_APPICON_NAME = AppIcon;
				ASSETCATALOG_COMPILER_GLOBAL_ACCENT_COLOR_NAME = AccentColor;
				CODE_SIGN_ENTITLEMENTS = Scrumdinger/Scrumdinger.entitlements;
				CODE_SIGN_STYLE = Automatic;
				CURRENT_PROJECT_VERSION = 1;
				DEVELOPMENT_ASSET_PATHS = "\"Scrumdinger/Preview Content\"";
				ENABLE_PREVIEWS = YES;
				GENERATE_INFOPLIST_FILE = YES;
				"INFOPLIST_KEY_UIApplicationSceneManifest_Generation[sdk=iphoneos*]" = YES;
				"INFOPLIST_KEY_UIApplicationSceneManifest_Generation[sdk=iphonesimulator*]" = YES;
				"INFOPLIST_KEY_UIApplicationSupportsIndirectInputEvents[sdk=iphoneos*]" = YES;
				"INFOPLIST_KEY_UIApplicationSupportsIndirectInputEvents[sdk=iphonesimulator*]" = YES;
				"INFOPLIST_KEY_UILaunchScreen_Generation[sdk=iphoneos*]" = YES;
				"INFOPLIST_KEY_UILaunchScreen_Generation[sdk=iphonesimulator*]" = YES;
				"INFOPLIST_KEY_UIStatusBarStyle[sdk=iphoneos*]" = UIStatusBarStyleDefault;
				"INFOPLIST_KEY_UIStatusBarStyle[sdk=iphonesimulator*]" = UIStatusBarStyleDefault;
				INFOPLIST_KEY_UISupportedInterfaceOrientations_iPad = "UIInterfaceOrientationPortrait UIInterfaceOrientationPortraitUpsideDown UIInterfaceOrientationLandscapeLeft UIInterfaceOrientationLandscapeRight";
				INFOPLIST_KEY_UISupportedInterfaceOrientations_iPhone = "UIInterfaceOrientationPortrait UIInterfaceOrientationLandscapeLeft UIInterfaceOrientationLandscapeRight";
				IPHONEOS_DEPLOYMENT_TARGET = 17.2;
				LD_RUNPATH_SEARCH_PATHS = "@executable_path/Frameworks";
				"LD_RUNPATH_SEARCH_PATHS[sdk=macosx*]" = "@executable_path/../Frameworks";
				MACOSX_DEPLOYMENT_TARGET = 14.2;
				MARKETING_VERSION = 1.0;
				PRODUCT_BUNDLE_IDENTIFIER = com.mycompany.Scrumdinger;
				PRODUCT_NAME = "$(TARGET_NAME)";
				SDKROOT = auto;
				SUPPORTED_PLATFORMS = "iphoneos iphonesimulator macosx";
				SWIFT_EMIT_LOC_STRINGS = YES;
				SWIFT_VERSION = 5.0;
				TARGETED_DEVICE_FAMILY = "1,2";
			};
			name = Release;
		};
		EB022E7B2B7ED824004E7819 /* Debug */ = {
			isa = XCBuildConfiguration;
			buildSettings = {
				ALWAYS_EMBED_SWIFT_STANDARD_LIBRARIES = YES;
				BUNDLE_LOADER = "$(TEST_HOST)";
				CODE_SIGN_STYLE = Automatic;
				CURRENT_PROJECT_VERSION = 1;
				GENERATE_INFOPLIST_FILE = YES;
				IPHONEOS_DEPLOYMENT_TARGET = 17.2;
				MACOSX_DEPLOYMENT_TARGET = 14.2;
				MARKETING_VERSION = 1.0;
				PRODUCT_BUNDLE_IDENTIFIER = com.mycompany.ScrumdingerTests;
				PRODUCT_NAME = "$(TARGET_NAME)";
				SDKROOT = auto;
				SUPPORTED_PLATFORMS = "iphoneos iphonesimulator macosx";
				SWIFT_EMIT_LOC_STRINGS = NO;
				SWIFT_VERSION = 5.0;
				TARGETED_DEVICE_FAMILY = "1,2";
				TEST_HOST = "$(BUILT_PRODUCTS_DIR)/Scrumdinger.app/$(BUNDLE_EXECUTABLE_FOLDER_PATH)/Scrumdinger";
			};
			name = Debug;
		};
		EB022E7C2B7ED824004E7819 /* Release */ = {
			isa = XCBuildConfiguration;
			buildSettings = {
				ALWAYS_EMBED_SWIFT_STANDARD_LIBRARIES = YES;
				BUNDLE_LOADER = "$(TEST_HOST)";
				CODE_SIGN_STYLE = Automatic;
				CURRENT_PROJECT_VERSION = 1;
				GENERATE_INFOPLIST_FILE = YES;
				IPHONEOS_DEPLOYMENT_TARGET = 17.2;
				MACOSX_DEPLOYMENT_TARGET = 14.2;
				MARKETING_VERSION = 1.0;
				PRODUCT_BUNDLE_IDENTIFIER = com.mycompany.ScrumdingerTests;
				PRODUCT_NAME = "$(TARGET_NAME)";
				SDKROOT = auto;
				SUPPORTED_PLATFORMS = "iphoneos iphonesimulator macosx";
				SWIFT_EMIT_LOC_STRINGS = NO;
				SWIFT_VERSION = 5.0;
				TARGETED_DEVICE_FAMILY = "1,2";
				TEST_HOST = "$(BUILT_PRODUCTS_DIR)/Scrumdinger.app/$(BUNDLE_EXECUTABLE_FOLDER_PATH)/Scrumdinger";
			};
			name = Release;
		};
		EB022E7E2B7ED824004E7819 /* Debug */ = {
			isa = XCBuildConfiguration;
			buildSettings = {
				ALWAYS_EMBED_SWIFT_STANDARD_LIBRARIES = YES;
				CODE_SIGN_STYLE = Automatic;
				CURRENT_PROJECT_VERSION = 1;
				GENERATE_INFOPLIST_FILE = YES;
				IPHONEOS_DEPLOYMENT_TARGET = 17.2;
				MACOSX_DEPLOYMENT_TARGET = 14.2;
				MARKETING_VERSION = 1.0;
				PRODUCT_BUNDLE_IDENTIFIER = com.mycompany.ScrumdingerUITests;
				PRODUCT_NAME = "$(TARGET_NAME)";
				SDKROOT = auto;
				SUPPORTED_PLATFORMS = "iphoneos iphonesimulator macosx";
				SWIFT_EMIT_LOC_STRINGS = NO;
				SWIFT_VERSION = 5.0;
				TARGETED_DEVICE_FAMILY = "1,2";
				TEST_TARGET_NAME = Scrumdinger;
			};
			name = Debug;
		};
		EB022E7F2B7ED824004E7819 /* Release */ = {
			isa = XCBuildConfiguration;
			buildSettings = {
				ALWAYS_EMBED_SWIFT_STANDARD_LIBRARIES = YES;
				CODE_SIGN_STYLE = Automatic;
				CURRENT_PROJECT_VERSION = 1;
				GENERATE_INFOPLIST_FILE = YES;
				IPHONEOS_DEPLOYMENT_TARGET = 17.2;
				MACOSX_DEPLOYMENT_TARGET = 14.2;
				MARKETING_VERSION = 1.0;
				PRODUCT_BUNDLE_IDENTIFIER = com.mycompany.ScrumdingerUITests;
				PRODUCT_NAME = "$(TARGET_NAME)";
				SDKROOT = auto;
				SUPPORTED_PLATFORMS = "iphoneos iphonesimulator macosx";
				SWIFT_EMIT_LOC_STRINGS = NO;
				SWIFT_VERSION = 5.0;
				TARGETED_DEVICE_FAMILY = "1,2";
				TEST_TARGET_NAME = Scrumdinger;
			};
			name = Release;
		};
/* End XCBuildConfiguration section */

/* Begin XCConfigurationList section */
		EB022E4D2B7ED822004E7819 /* Build configuration list for PBXProject "Scrumdinger" */ = {
			isa = XCConfigurationList;
			buildConfigurations = (
				EB022E752B7ED824004E7819 /* Debug */,
				EB022E762B7ED824004E7819 /* Release */,
			);
			defaultConfigurationIsVisible = 0;
			defaultConfigurationName = Release;
		};
		EB022E772B7ED824004E7819 /* Build configuration list for PBXNativeTarget "Scrumdinger" */ = {
			isa = XCConfigurationList;
			buildConfigurations = (
				EB022E782B7ED824004E7819 /* Debug */,
				EB022E792B7ED824004E7819 /* Release */,
			);
			defaultConfigurationIsVisible = 0;
			defaultConfigurationName = Release;
		};
		EB022E7A2B7ED824004E7819 /* Build configuration list for PBXNativeTarget "ScrumdingerTests" */ = {
			isa = XCConfigurationList;
			buildConfigurations = (
				EB022E7B2B7ED824004E7819 /* Debug */,
				EB022E7C2B7ED824004E7819 /* Release */,
			);
			defaultConfigurationIsVisible = 0;
			defaultConfigurationName = Release;
		};
		EB022E7D2B7ED824004E7819 /* Build configuration list for PBXNativeTarget "ScrumdingerUITests" */ = {
			isa = XCConfigurationList;
			buildConfigurations = (
				EB022E7E2B7ED824004E7819 /* Debug */,
				EB022E7F2B7ED824004E7819 /* Release */,
			);
			defaultConfigurationIsVisible = 0;
			defaultConfigurationName = Release;
		};
/* End XCConfigurationList section */
	};
	rootObject = EB022E4A2B7ED822004E7819 /* Project object */;
}
